
Microsoft Visual Studio Solution File, Format Version 12.00
# Visual Studio Version 17
VisualStudioVersion = 17.1.32210.238
MinimumVisualStudioVersion = 10.0.40219.1
Project("{9A19103F-16F7-4668-BE54-9A1E7A4F7556}") = "EveryeyeFeed", "EveryeyeFeed\EveryeyeFeed.csproj", "{D3ED0BF4-CEAB-4F76-99D2-F4497E6B8745}"
EndProject
Global
	GlobalSection(SolutionConfigurationPlatforms) = preSolution
		Debug|Any CPU = Debug|Any CPU
		Release|Any CPU = Release|Any CPU
	EndGlobalSection
	GlobalSection(ProjectConfigurationPlatforms) = postSolution
		{D3ED0BF4-CEAB-4F76-99D2-F4497E6B8745}.Debug|Any CPU.ActiveCfg = Debug|Any CPU
		{D3ED0BF4-CEAB-4F76-99D2-F4497E6B8745}.Debug|Any CPU.Build.0 = Debug|Any CPU
		{D3ED0BF4-CEAB-4F76-99D2-F4497E6B8745}.Release|Any CPU.ActiveCfg = Release|Any CPU
		{D3ED0BF4-CEAB-4F76-99D2-F4497E6B8745}.Release|Any CPU.Build.0 = Release|Any CPU
	EndGlobalSection
	GlobalSection(SolutionProperties) = preSolution
		HideSolutionNode = FALSE
	EndGlobalSection
	GlobalSection(ExtensibilityGlobals) = postSolution
		SolutionGuid = {8F5F8758-A58B-4C28-A946-C5477BD9A355}
	EndGlobalSection
EndGlobal
